{
  "requires": true,
  "lockfileVersion": 1,
  "dependencies": {
    "rollup": {
      "version": "0.64.1",
      "resolved": "https://registry.npmjs.org/rollup/-/rollup-0.64.1.tgz",
      "integrity": "sha512-+ThdVXrvonJdOTzyybMBipP0uz605Z8AnzWVY3rf+cSGnLO7uNkJBlN+9jXqWOomkvumXfm/esmBpA5d53qm7g==",
      "requires": {
        "@types/estree": "0.0.39",
        "@types/node": "10.7.0"
      },
      "dependencies": {
        "@types/estree": {
          "version": "0.0.39",
          "resolved": "https://registry.npmjs.org/@types/estree/-/estree-0.0.39.tgz",
          "integrity": "sha512-EYNwp3bU+98cpU4lAWYYL7Zz+2gryWH1qbdDTidVd6hkiR6weksdbMadyXKXNPEkQFhXM+hVO9ZygomHXp+AIw=="
        },
        "@types/node": {
          "version": "10.7.0",
          "resolved": "https://registry.npmjs.org/@types/node/-/node-10.7.0.tgz",
          "integrity": "sha512-dmYIvoQEZWnyQfgrwPCoxztv/93NYQGEiOoQhuI56rJahv9de6Q2apZl3bufV46YJ0OAXdaktIuw4RIRl4DTeA=="
        }
      }
    }
  }
}
